// !$*UTF8*$!
{
	archiveVersion = 1;
	classes = {
	};
	objectVersion = 46;
	objects = {

/* Begin PBXBuildFile section */
		6CA8A7EE20061E15005D96F8 /* AppDelegate.swift in Sources */ = {isa = PBXBuildFile; fileRef = 6CA8A7ED20061E15005D96F8 /* AppDelegate.swift */; };
		6CA8A7F020061E15005D96F8 /* ViewController.swift in Sources */ = {isa = PBXBuildFile; fileRef = 6CA8A7EF20061E15005D96F8 /* ViewController.swift */; };
		6CA8A7F320061E15005D96F8 /* Main.storyboard in Resources */ = {isa = PBXBuildFile; fileRef = 6CA8A7F120061E15005D96F8 /* Main.storyboard */; };
		6CA8A7F620061E16005D96F8 /* SplitViewExample.xcdatamodeld in Sources */ = {isa = PBXBuildFile; fileRef = 6CA8A7F420061E16005D96F8 /* SplitViewExample.xcdatamodeld */; };
		6CA8A7F820061E16005D96F8 /* Assets.xcassets in Resources */ = {isa = PBXBuildFile; fileRef = 6CA8A7F720061E16005D96F8 /* Assets.xcassets */; };
		6CA8A7FB20061E16005D96F8 /* LaunchScreen.storyboard in Resources */ = {isa = PBXBuildFile; fileRef = 6CA8A7F920061E16005D96F8 /* LaunchScreen.storyboard */; };
		6CA8A80620061E16005D96F8 /* SplitViewExampleTests.swift in Sources */ = {isa = PBXBuildFile; fileRef = 6CA8A80520061E16005D96F8 /* SplitViewExampleTests.swift */; };
		6CA8A81120061E16005D96F8 /* SplitViewExampleUITests.swift in Sources */ = {isa = PBXBuildFile; fileRef = 6CA8A81020061E16005D96F8 /* SplitViewExampleUITests.swift */; };
		6CA8A81F20062160005D96F8 /* RootViewController.swift in Sources */ = {isa = PBXBuildFile; fileRef = 6CA8A81E20062160005D96F8 /* RootViewController.swift */; };
		6CA8A8272006480D005D96F8 /* CompanyTableViewCell.swift in Sources */ = {isa = PBXBuildFile; fileRef = 6CA8A8262006480D005D96F8 /* CompanyTableViewCell.swift */; };
		6CA8A82920064FA5005D96F8 /* DetailViewController.swift in Sources */ = {isa = PBXBuildFile; fileRef = 6CA8A82820064FA5005D96F8 /* DetailViewController.swift */; };
/* End PBXBuildFile section */

/* Begin PBXContainerItemProxy section */
		6CA8A80220061E16005D96F8 /* PBXContainerItemProxy */ = {
			isa = PBXContainerItemProxy;
			containerPortal = 6CA8A7E220061E15005D96F8 /* Project object */;
			proxyType = 1;
			remoteGlobalIDString = 6CA8A7E920061E15005D96F8;
			remoteInfo = SplitViewExample;
		};
		6CA8A80D20061E16005D96F8 /* PBXContainerItemProxy */ = {
			isa = PBXContainerItemProxy;
			containerPortal = 6CA8A7E220061E15005D96F8 /* Project object */;
			proxyType = 1;
			remoteGlobalIDString = 6CA8A7E920061E15005D96F8;
			remoteInfo = SplitViewExample;
		};
/* End PBXContainerItemProxy section */

/* Begin PBXFileReference section */
		6CA8A7EA20061E15005D96F8 /* SplitViewExample.app */ = {isa = PBXFileReference; explicitFileType = wrapper.application; includeInIndex = 0; path = SplitViewExample.app; sourceTree = BUILT_PRODUCTS_DIR; };
		6CA8A7ED20061E15005D96F8 /* AppDelegate.swift */ = {isa = PBXFileReference; lastKnownFileType = sourcecode.swift; path = AppDelegate.swift; sourceTree = "<group>"; };
		6CA8A7EF20061E15005D96F8 /* ViewController.swift */ = {isa = PBXFileReference; lastKnownFileType = sourcecode.swift; path = ViewController.swift; sourceTree = "<group>"; };
		6CA8A7F220061E15005D96F8 /* Base */ = {isa = PBXFileReference; lastKnownFileType = file.storyboard; name = Base; path = Base.lproj/Main.storyboard; sourceTree = "<group>"; };
		6CA8A7F520061E16005D96F8 /* SplitViewExample.xcdatamodel */ = {isa = PBXFileReference; lastKnownFileType = wrapper.xcdatamodel; path = SplitViewExample.xcdatamodel; sourceTree = "<group>"; };
		6CA8A7F720061E16005D96F8 /* Assets.xcassets */ = {isa = PBXFileReference; lastKnownFileType = folder.assetcatalog; path = Assets.xcassets; sourceTree = "<group>"; };
		6CA8A7FA20061E16005D96F8 /* Base */ = {isa = PBXFileReference; lastKnownFileType = file.storyboard; name = Base; path = Base.lproj/LaunchScreen.storyboard; sourceTree = "<group>"; };
		6CA8A7FC20061E16005D96F8 /* Info.plist */ = {isa = PBXFileReference; lastKnownFileType = text.plist.xml; path = Info.plist; sourceTree = "<group>"; };
		6CA8A80120061E16005D96F8 /* SplitViewExampleTests.xctest */ = {isa = PBXFileReference; explicitFileType = wrapper.cfbundle; includeInIndex = 0; path = SplitViewExampleTests.xctest; sourceTree = BUILT_PRODUCTS_DIR; };
		6CA8A80520061E16005D96F8 /* SplitViewExampleTests.swift */ = {isa = PBXFileReference; lastKnownFileType = sourcecode.swift; path = SplitViewExampleTests.swift; sourceTree = "<group>"; };
		6CA8A80720061E16005D96F8 /* Info.plist */ = {isa = PBXFileReference; lastKnownFileType = text.plist.xml; path = Info.plist; sourceTree = "<group>"; };
		6CA8A80C20061E16005D96F8 /* SplitViewExampleUITests.xctest */ = {isa = PBXFileReference; explicitFileType = wrapper.cfbundle; includeInIndex = 0; path = SplitViewExampleUITests.xctest; sourceTree = BUILT_PRODUCTS_DIR; };
		6CA8A81020061E16005D96F8 /* SplitViewExampleUITests.swift */ = {isa = PBXFileReference; lastKnownFileType = sourcecode.swift; path = SplitViewExampleUITests.swift; sourceTree = "<group>"; };
		6CA8A81220061E16005D96F8 /* Info.plist */ = {isa = PBXFileReference; lastKnownFileType = text.plist.xml; path = Info.plist; sourceTree = "<group>"; };
		6CA8A81E20062160005D96F8 /* RootViewController.swift */ = {isa = PBXFileReference; fileEncoding = 4; lastKnownFileType = sourcecode.swift; path = RootViewController.swift; sourceTree = "<group>"; };
		6CA8A8262006480D005D96F8 /* CompanyTableViewCell.swift */ = {isa = PBXFileReference; fileEncoding = 4; lastKnownFileType = sourcecode.swift; path = CompanyTableViewCell.swift; sourceTree = "<group>"; };
		6CA8A82820064FA5005D96F8 /* DetailViewController.swift */ = {isa = PBXFileReference; fileEncoding = 4; lastKnownFileType = sourcecode.swift; path = DetailViewController.swift; sourceTree = "<group>"; };
/* End PBXFileReference section */

/* Begin PBXFrameworksBuildPhase section */
		6CA8A7E720061E15005D96F8 /* Frameworks */ = {
			isa = PBXFrameworksBuildPhase;
			buildActionMask = 2147483647;
			files = (
			);
			runOnlyForDeploymentPostprocessing = 0;
		};
		6CA8A7FE20061E16005D96F8 /* Frameworks */ = {
			isa = PBXFrameworksBuildPhase;
			buildActionMask = 2147483647;
			files = (
			);
			runOnlyForDeploymentPostprocessing = 0;
		};
		6CA8A80920061E16005D96F8 /* Frameworks */ = {
			isa = PBXFrameworksBuildPhase;
			buildActionMask = 2147483647;
			files = (
			);
			runOnlyForDeploymentPostprocessing = 0;
		};
/* End PBXFrameworksBuildPhase section */

/* Begin PBXGroup section */
		6CA8A7E120061E15005D96F8 = {
			isa = PBXGroup;
			children = (
				6CA8A7EC20061E15005D96F8 /* SplitViewExample */,
				6CA8A80420061E16005D96F8 /* SplitViewExampleTests */,
				6CA8A80F20061E16005D96F8 /* SplitViewExampleUITests */,
				6CA8A7EB20061E15005D96F8 /* Products */,
			);
			sourceTree = "<group>";
		};
		6CA8A7EB20061E15005D96F8 /* Products */ = {
			isa = PBXGroup;
			children = (
				6CA8A7EA20061E15005D96F8 /* SplitViewExample.app */,
				6CA8A80120061E16005D96F8 /* SplitViewExampleTests.xctest */,
				6CA8A80C20061E16005D96F8 /* SplitViewExampleUITests.xctest */,
			);
			name = Products;
			sourceTree = "<group>";
		};
		6CA8A7EC20061E15005D96F8 /* SplitViewExample */ = {
			isa = PBXGroup;
			children = (
				6CA8A7ED20061E15005D96F8 /* AppDelegate.swift */,
				6CA8A7EF20061E15005D96F8 /* ViewController.swift */,
				6CA8A81E20062160005D96F8 /* RootViewController.swift */,
				6CA8A7F120061E15005D96F8 /* Main.storyboard */,
				6CA8A7F720061E16005D96F8 /* Assets.xcassets */,
				6CA8A7F920061E16005D96F8 /* LaunchScreen.storyboard */,
				6CA8A7FC20061E16005D96F8 /* Info.plist */,
				6CA8A7F420061E16005D96F8 /* SplitViewExample.xcdatamodeld */,
				6CA8A8262006480D005D96F8 /* CompanyTableViewCell.swift */,
				6CA8A82820064FA5005D96F8 /* DetailViewController.swift */,
			);
			path = SplitViewExample;
			sourceTree = "<group>";
		};
		6CA8A80420061E16005D96F8 /* SplitViewExampleTests */ = {
			isa = PBXGroup;
			children = (
				6CA8A80520061E16005D96F8 /* SplitViewExampleTests.swift */,
				6CA8A80720061E16005D96F8 /* Info.plist */,
			);
			path = SplitViewExampleTests;
			sourceTree = "<group>";
		};
		6CA8A80F20061E16005D96F8 /* SplitViewExampleUITests */ = {
			isa = PBXGroup;
			children = (
				6CA8A81020061E16005D96F8 /* SplitViewExampleUITests.swift */,
				6CA8A81220061E16005D96F8 /* Info.plist */,
			);
			path = SplitViewExampleUITests;
			sourceTree = "<group>";
		};
/* End PBXGroup section */

/* Begin PBXNativeTarget section */
		6CA8A7E920061E15005D96F8 /* SplitViewExample */ = {
			isa = PBXNativeTarget;
			buildConfigurationList = 6CA8A81520061E16005D96F8 /* Build configuration list for PBXNativeTarget "SplitViewExample" */;
			buildPhases = (
				6CA8A7E620061E15005D96F8 /* Sources */,
				6CA8A7E720061E15005D96F8 /* Frameworks */,
				6CA8A7E820061E15005D96F8 /* Resources */,
			);
			buildRules = (
			);
			dependencies = (
			);
			name = SplitViewExample;
			productName = SplitViewExample;
			productReference = 6CA8A7EA20061E15005D96F8 /* SplitViewExample.app */;
			productType = "com.apple.product-type.application";
		};
		6CA8A80020061E16005D96F8 /* SplitViewExampleTests */ = {
			isa = PBXNativeTarget;
			buildConfigurationList = 6CA8A81820061E16005D96F8 /* Build configuration list for PBXNativeTarget "SplitViewExampleTests" */;
			buildPhases = (
				6CA8A7FD20061E16005D96F8 /* Sources */,
				6CA8A7FE20061E16005D96F8 /* Frameworks */,
				6CA8A7FF20061E16005D96F8 /* Resources */,
			);
			buildRules = (
			);
			dependencies = (
				6CA8A80320061E16005D96F8 /* PBXTargetDependency */,
			);
			name = SplitViewExampleTests;
			productName = SplitViewExampleTests;
			productReference = 6CA8A80120061E16005D96F8 /* SplitViewExampleTests.xctest */;
			productType = "com.apple.product-type.bundle.unit-test";
		};
		6CA8A80B20061E16005D96F8 /* SplitViewExampleUITests */ = {
			isa = PBXNativeTarget;
			buildConfigurationList = 6CA8A81B20061E16005D96F8 /* Build configuration list for PBXNativeTarget "SplitViewExampleUITests" */;
			buildPhases = (
				6CA8A80820061E16005D96F8 /* Sources */,
				6CA8A80920061E16005D96F8 /* Frameworks */,
				6CA8A80A20061E16005D96F8 /* Resources */,
			);
			buildRules = (
			);
			dependencies = (
				6CA8A80E20061E16005D96F8 /* PBXTargetDependency */,
			);
			name = SplitViewExampleUITests;
			productName = SplitViewExampleUITests;
			productReference = 6CA8A80C20061E16005D96F8 /* SplitViewExampleUITests.xctest */;
			productType = "com.apple.product-type.bundle.ui-testing";
		};
/* End PBXNativeTarget section */

/* Begin PBXProject section */
		6CA8A7E220061E15005D96F8 /* Project object */ = {
			isa = PBXProject;
			attributes = {
				LastSwiftUpdateCheck = 0820;
				LastUpgradeCheck = 0820;
				ORGANIZATIONNAME = Cognizant;
				TargetAttributes = {
					6CA8A7E920061E15005D96F8 = {
						CreatedOnToolsVersion = 8.2.1;
						ProvisioningStyle = Automatic;
					};
					6CA8A80020061E16005D96F8 = {
						CreatedOnToolsVersion = 8.2.1;
						ProvisioningStyle = Automatic;
						TestTargetID = 6CA8A7E920061E15005D96F8;
					};
					6CA8A80B20061E16005D96F8 = {
						CreatedOnToolsVersion = 8.2.1;
						ProvisioningStyle = Automatic;
						TestTargetID = 6CA8A7E920061E15005D96F8;
					};
				};
			};
			buildConfigurationList = 6CA8A7E520061E15005D96F8 /* Build configuration list for PBXProject "SplitViewExample" */;
			compatibilityVersion = "Xcode 3.2";
			developmentRegion = English;
			hasScannedForEncodings = 0;
			knownRegions = (
				en,
				Base,
			);
			mainGroup = 6CA8A7E120061E15005D96F8;
			productRefGroup = 6CA8A7EB20061E15005D96F8 /* Products */;
			projectDirPath = "";
			projectRoot = "";
			targets = (
				6CA8A7E920061E15005D96F8 /* SplitViewExample */,
				6CA8A80020061E16005D96F8 /* SplitViewExampleTests */,
				6CA8A80B20061E16005D96F8 /* SplitViewExampleUITests */,
			);
		};
/* End PBXProject section */

/* Begin PBXResourcesBuildPhase section */
		6CA8A7E820061E15005D96F8 /* Resources */ = {
			isa = PBXResourcesBuildPhase;
			buildActionMask = 2147483647;
			files = (
				6CA8A7FB20061E16005D96F8 /* LaunchScreen.storyboard in Resources */,
				6CA8A7F820061E16005D96F8 /* Assets.xcassets in Resources */,
				6CA8A7F320061E15005D96F8 /* Main.storyboard in Resources */,
			);
			runOnlyForDeploymentPostprocessing = 0;
		};
		6CA8A7FF20061E16005D96F8 /* Resources */ = {
			isa = PBXResourcesBuildPhase;
			buildActionMask = 2147483647;
			files = (
			);
			runOnlyForDeploymentPostprocessing = 0;
		};
		6CA8A80A20061E16005D96F8 /* Resources */ = {
			isa = PBXResourcesBuildPhase;
			buildActionMask = 2147483647;
			files = (
			);
			runOnlyForDeploymentPostprocessing = 0;
		};
/* End PBXResourcesBuildPhase section */

/* Begin PBXSourcesBuildPhase section */
		6CA8A7E620061E15005D96F8 /* Sources */ = {
			isa = PBXSourcesBuildPhase;
			buildActionMask = 2147483647;
			files = (
				6CA8A7F020061E15005D96F8 /* ViewController.swift in Sources */,
				6CA8A8272006480D005D96F8 /* CompanyTableViewCell.swift in Sources */,
				6CA8A7F620061E16005D96F8 /* SplitViewExample.xcdatamodeld in Sources */,
				6CA8A82920064FA5005D96F8 /* DetailViewController.swift in Sources */,
				6CA8A81F20062160005D96F8 /* RootViewController.swift in Sources */,
				6CA8A7EE20061E15005D96F8 /* AppDelegate.swift in Sources */,
			);
			runOnlyForDeploymentPostprocessing = 0;
		};
		6CA8A7FD20061E16005D96F8 /* Sources */ = {
			isa = PBXSourcesBuildPhase;
			buildActionMask = 2147483647;
			files = (
				6CA8A80620061E16005D96F8 /* SplitViewExampleTests.swift in Sources */,
			);
			runOnlyForDeploymentPostprocessing = 0;
		};
		6CA8A80820061E16005D96F8 /* Sources */ = {
			isa = PBXSourcesBuildPhase;
			buildActionMask = 2147483647;
			files = (
				6CA8A81120061E16005D96F8 /* SplitViewExampleUITests.swift in Sources */,
			);
			runOnlyForDeploymentPostprocessing = 0;
		};
/* End PBXSourcesBuildPhase section */

/* Begin PBXTargetDependency section */
		6CA8A80320061E16005D96F8 /* PBXTargetDependency */ = {
			isa = PBXTargetDependency;
			target = 6CA8A7E920061E15005D96F8 /* SplitViewExample */;
			targetProxy = 6CA8A80220061E16005D96F8 /* PBXContainerItemProxy */;
		};
		6CA8A80E20061E16005D96F8 /* PBXTargetDependency */ = {
			isa = PBXTargetDependency;
			target = 6CA8A7E920061E15005D96F8 /* SplitViewExample */;
			targetProxy = 6CA8A80D20061E16005D96F8 /* PBXContainerItemProxy */;
		};
/* End PBXTargetDependency section */

/* Begin PBXVariantGroup section */
		6CA8A7F120061E15005D96F8 /* Main.storyboard */ = {
			isa = PBXVariantGroup;
			children = (
				6CA8A7F220061E15005D96F8 /* Base */,
			);
			name = Main.storyboard;
			sourceTree = "<group>";
		};
		6CA8A7F920061E16005D96F8 /* LaunchScreen.storyboard */ = {
			isa = PBXVariantGroup;
			children = (
				6CA8A7FA20061E16005D96F8 /* Base */,
			);
			name = LaunchScreen.storyboard;
			sourceTree = "<group>";
		};
/* End PBXVariantGroup section */

/* Begin XCBuildConfiguration section */
		6CA8A81320061E16005D96F8 /* Debug */ = {
			isa = XCBuildConfiguration;
			buildSettings = {
				ALWAYS_SEARCH_USER_PATHS = NO;
				CLANG_ANALYZER_NONNULL = YES;
				CLANG_CXX_LANGUAGE_STANDARD = "gnu++0x";
				CLANG_CXX_LIBRARY = "libc++";
				CLANG_ENABLE_MODULES = YES;
				CLANG_ENABLE_OBJC_ARC = YES;
				CLANG_WARN_BOOL_CONVERSION = YES;
				CLANG_WARN_CONSTANT_CONVERSION = YES;
				CLANG_WARN_DIRECT_OBJC_ISA_USAGE = YES_ERROR;
				CLANG_WARN_DOCUMENTATION_COMMENTS = YES;
				CLANG_WARN_EMPTY_BODY = YES;
				CLANG_WARN_ENUM_CONVERSION = YES;
				CLANG_WARN_INFINITE_RECURSION = YES;
				CLANG_WARN_INT_CONVERSION = YES;
				CLANG_WARN_OBJC_ROOT_CLASS = YES_ERROR;
				CLANG_WARN_SUSPICIOUS_MOVE = YES;
				CLANG_WARN_UNREACHABLE_CODE = YES;
				CLANG_WARN__DUPLICATE_METHOD_MATCH = YES;
				"CODE_SIGN_IDENTITY[sdk=iphoneos*]" = "iPhone Developer";
				COPY_PHASE_STRIP = NO;
				DEBUG_INFORMATION_FORMAT = dwarf;
				ENABLE_STRICT_OBJC_MSGSEND = YES;
				ENABLE_TESTABILITY = YES;
				GCC_C_LANGUAGE_STANDARD = gnu99;
				GCC_DYNAMIC_NO_PIC = NO;
				GCC_NO_COMMON_BLOCKS = YES;
				GCC_OPTIMIZATION_LEVEL = 0;
				GCC_PREPROCESSOR_DEFINITIONS = (
					"DEBUG=1",
					"$(inherited)",
				);
				GCC_WARN_64_TO_32_BIT_CONVERSION = YES;
				GCC_WARN_ABOUT_RETURN_TYPE = YES_ERROR;
				GCC_WARN_UNDECLARED_SELECTOR = YES;
				GCC_WARN_UNINITIALIZED_AUTOS = YES_AGGRESSIVE;
				GCC_WARN_UNUSED_FUNCTION = YES;
				GCC_WARN_UNUSED_VARIABLE = YES;
				IPHONEOS_DEPLOYMENT_TARGET = 10.2;
				MTL_ENABLE_DEBUG_INFO = YES;
				ONLY_ACTIVE_ARCH = YES;
				SDKROOT = iphoneos;
				SWIFT_ACTIVE_COMPILATION_CONDITIONS = DEBUG;
				SWIFT_OPTIMIZATION_LEVEL = "-Onone";
				TARGETED_DEVICE_FAMILY = "1,2";
			};
			name = Debug;
		};
		6CA8A81420061E16005D96F8 /* Release */ = {
			isa = XCBuildConfiguration;
			buildSettings = {
				ALWAYS_SEARCH_USER_PATHS = NO;
				CLANG_ANALYZER_NONNULL = YES;
				CLANG_CXX_LANGUAGE_STANDARD = "gnu++0x";
				CLANG_CXX_LIBRARY = "libc++";
				CLANG_ENABLE_MODULES = YES;
				CLANG_ENABLE_OBJC_ARC = YES;
				CLANG_WARN_BOOL_CONVERSION = YES;
				CLANG_WARN_CONSTANT_CONVERSION = YES;
				CLANG_WARN_DIRECT_OBJC_ISA_USAGE = YES_ERROR;
				CLANG_WARN_DOCUMENTATION_COMMENTS = YES;
				CLANG_WARN_EMPTY_BODY = YES;
				CLANG_WARN_ENUM_CONVERSION = YES;
				CLANG_WARN_INFINITE_RECURSION = YES;
				CLANG_WARN_INT_CONVERSION = YES;
				CLANG_WARN_OBJC_ROOT_CLASS = YES_ERROR;
				CLANG_WARN_SUSPICIOUS_MOVE = YES;
				CLANG_WARN_UNREACHABLE_CODE = YES;
				CLANG_WARN__DUPLICATE_METHOD_MATCH = YES;
				"CODE_SIGN_IDENTITY[sdk=iphoneos*]" = "iPhone Developer";
				COPY_PHASE_STRIP = NO;
				DEBUG_INFORMATION_FORMAT = "dwarf-with-dsym";
				ENABLE_NS_ASSERTIONS = NO;
				ENABLE_STRICT_OBJC_MSGSEND = YES;
				GCC_C_LANGUAGE_STANDARD = gnu99;
				GCC_NO_COMMON_BLOCKS = YES;
				GCC_WARN_64_TO_32_BIT_CONVERSION = YES;
				GCC_WARN_ABOUT_RETURN_TYPE = YES_ERROR;
				GCC_WARN_UNDECLARED_SELECTOR = YES;
				GCC_WARN_UNINITIALIZED_AUTOS = YES_AGGRESSIVE;
				GCC_WARN_UNUSED_FUNCTION = YES;
				GCC_WARN_UNUSED_VARIABLE = YES;
				IPHONEOS_DEPLOYMENT_TARGET = 10.2;
				MTL_ENABLE_DEBUG_INFO = NO;
				SDKROOT = iphoneos;
				SWIFT_OPTIMIZATION_LEVEL = "-Owholemodule";
				TARGETED_DEVICE_FAMILY = "1,2";
				VALIDATE_PRODUCT = YES;
			};
			name = Release;
		};
		6CA8A81620061E16005D96F8 /* Debug */ = {
			isa = XCBuildConfiguration;
			buildSettings = {
				ASSETCATALOG_COMPILER_APPICON_NAME = AppIcon;
				INFOPLIST_FILE = SplitViewExample/Info.plist;
				LD_RUNPATH_SEARCH_PATHS = "$(inherited) @executable_path/Frameworks";
				PRODUCT_BUNDLE_IDENTIFIER = com.cts.slideMenu.SplitViewExample;
				PRODUCT_NAME = "$(TARGET_NAME)";
				SWIFT_VERSION = 3.0;
			};
			name = Debug;
		};
		6CA8A81720061E16005D96F8 /* Release */ = {
			isa = XCBuildConfiguration;
			buildSettings = {
				ASSETCATALOG_COMPILER_APPICON_NAME = AppIcon;
				INFOPLIST_FILE = SplitViewExample/Info.plist;
				LD_RUNPATH_SEARCH_PATHS = "$(inherited) @executable_path/Frameworks";
				PRODUCT_BUNDLE_IDENTIFIER = com.cts.slideMenu.SplitViewExample;
				PRODUCT_NAME = "$(TARGET_NAME)";
				SWIFT_VERSION = 3.0;
			};
			name = Release;
		};
		6CA8A81920061E16005D96F8 /* Debug */ = {
			isa = XCBuildConfiguration;
			buildSettings = {
				ALWAYS_EMBED_SWIFT_STANDARD_LIBRARIES = YES;
				BUNDLE_LOADER = "$(TEST_HOST)";
				INFOPLIST_FILE = SplitViewExampleTests/Info.plist;
				LD_RUNPATH_SEARCH_PATHS = "$(inherited) @executable_path/Frameworks @loader_path/Frameworks";
				PRODUCT_BUNDLE_IDENTIFIER = com.cts.slideMenu.SplitViewExampleTests;
				PRODUCT_NAME = "$(TARGET_NAME)";
				SWIFT_VERSION = 3.0;
				TEST_HOST = "$(BUILT_PRODUCTS_DIR)/SplitViewExample.app/SplitViewExample";
			};
			name = Debug;
		};
		6CA8A81A20061E16005D96F8 /* Release */ = {
			isa = XCBuildConfiguration;
			buildSettings = {
				ALWAYS_EMBED_SWIFT_STANDARD_LIBRARIES = YES;
				BUNDLE_LOADER = "$(TEST_HOST)";
				INFOPLIST_FILE = SplitViewExampleTests/Info.plist;
				LD_RUNPATH_SEARCH_PATHS = "$(inherited) @executable_path/Frameworks @loader_path/Frameworks";
				PRODUCT_BUNDLE_IDENTIFIER = com.cts.slideMenu.SplitViewExampleTests;
				PRODUCT_NAME = "$(TARGET_NAME)";
				SWIFT_VERSION = 3.0;
				TEST_HOST = "$(BUILT_PRODUCTS_DIR)/SplitViewExample.app/SplitViewExample";
			};
			name = Release;
		};
		6CA8A81C20061E16005D96F8 /* Debug */ = {
			isa = XCBuildConfiguration;
			buildSettings = {
				ALWAYS_EMBED_SWIFT_STANDARD_LIBRARIES = YES;
				INFOPLIST_FILE = SplitViewExampleUITests/Info.plist;
				LD_RUNPATH_SEARCH_PATHS = "$(inherited) @executable_path/Frameworks @loader_path/Frameworks";
				PRODUCT_BUNDLE_IDENTIFIER = com.cts.slideMenu.SplitViewExampleUITests;
				PRODUCT_NAME = "$(TARGET_NAME)";
				SWIFT_VERSION = 3.0;
				TEST_TARGET_NAME = SplitViewExample;
			};
			name = Debug;
		};
		6CA8A81D20061E16005D96F8 /* Release */ = {
			isa = XCBuildConfiguration;
			buildSettings = {
				ALWAYS_EMBED_SWIFT_STANDARD_LIBRARIES = YES;
				INFOPLIST_FILE = SplitViewExampleUITests/Info.plist;
				LD_RUNPATH_SEARCH_PATHS = "$(inherited) @executable_path/Frameworks @loader_path/Frameworks";
				PRODUCT_BUNDLE_IDENTIFIER = com.cts.slideMenu.SplitViewExampleUITests;
				PRODUCT_NAME = "$(TARGET_NAME)";
				SWIFT_VERSION = 3.0;
				TEST_TARGET_NAME = SplitViewExample;
			};
			name = Release;
		};
/* End XCBuildConfiguration section */

/* Begin XCConfigurationList section */
		6CA8A7E520061E15005D96F8 /* Build configuration list for PBXProject "SplitViewExample" */ = {
			isa = XCConfigurationList;
			buildConfigurations = (
				6CA8A81320061E16005D96F8 /* Debug */,
				6CA8A81420061E16005D96F8 /* Release */,
			);
			defaultConfigurationIsVisible = 0;
			defaultConfigurationName = Release;
		};
		6CA8A81520061E16005D96F8 /* Build configuration list for PBXNativeTarget "SplitViewExample" */ = {
			isa = XCConfigurationList;
			buildConfigurations = (
				6CA8A81620061E16005D96F8 /* Debug */,
				6CA8A81720061E16005D96F8 /* Release */,
			);
			defaultConfigurationIsVisible = 0;
		};
		6CA8A81820061E16005D96F8 /* Build configuration list for PBXNativeTarget "SplitViewExampleTests" */ = {
			isa = XCConfigurationList;
			buildConfigurations = (
				6CA8A81920061E16005D96F8 /* Debug */,
				6CA8A81A20061E16005D96F8 /* Release */,
			);
			defaultConfigurationIsVisible = 0;
		};
		6CA8A81B20061E16005D96F8 /* Build configuration list for PBXNativeTarget "SplitViewExampleUITests" */ = {
			isa = XCConfigurationList;
			buildConfigurations = (
				6CA8A81C20061E16005D96F8 /* Debug */,
				6CA8A81D20061E16005D96F8 /* Release */,
			);
			defaultConfigurationIsVisible = 0;
		};
/* End XCConfigurationList section */

/* Begin XCVersionGroup section */
		6CA8A7F420061E16005D96F8 /* SplitViewExample.xcdatamodeld */ = {
			isa = XCVersionGroup;
			children = (
				6CA8A7F520061E16005D96F8 /* SplitViewExample.xcdatamodel */,
			);
			currentVersion = 6CA8A7F520061E16005D96F8 /* SplitViewExample.xcdatamodel */;
			path = SplitViewExample.xcdatamodeld;
			sourceTree = "<group>";
			versionGroupType = wrapper.xcdatamodel;
		};
/* End XCVersionGroup section */
	};
	rootObject = 6CA8A7E220061E15005D96F8 /* Project object */;
}
